# This file is automatically @generated by Cargo.
# It is not intended for manual editing.
[[package]]
name = "byteorder"
version = "1.2.3"
source = "registry+https://github.com/rust-lang/crates.io-index"

[[package]]
name = "cfg-if"
version = "0.1.4"
source = "registry+https://github.com/rust-lang/crates.io-index"

[[package]]
name = "log"
version = "0.4.3"
source = "registry+https://github.com/rust-lang/crates.io-index"
dependencies = [
 "cfg-if 0.1.4 (registry+https://github.com/rust-lang/crates.io-index)",
]

[[package]]
name = "rgba_builder"
version = "1.0.0"
dependencies = [
 "log 0.4.3 (registry+https://github.com/rust-lang/crates.io-index)",
 "rgba_common 1.0.0",
 "rgba_dmg_core 1.1.0",
 "rgba_gba_core 0.1.0",
 "rgba_nes_core 0.1.0",
]

[[package]]
name = "rgba_common"
version = "1.0.0"

[[package]]
name = "rgba_dmg_core"
version = "1.1.0"
dependencies = [
 "log 0.4.3 (registry+https://github.com/rust-lang/crates.io-index)",
 "rgba_common 1.0.0",
]

[[package]]
name = "rgba_gba_core"
version = "0.1.0"
dependencies = [
 "byteorder 1.2.3 (registry+https://github.com/rust-lang/crates.io-index)",
 "log 0.4.3 (registry+https://github.com/rust-lang/crates.io-index)",
 "rgba_common 1.0.0",
]

[[package]]
name = "rgba_nes_core"
version = "0.1.0"
dependencies = [
 "log 0.4.3 (registry+https://github.com/rust-lang/crates.io-index)",
 "rgba_common 1.0.0",
]

[metadata]
"checksum byteorder 1.2.3 (registry+https://github.com/rust-lang/crates.io-index)" = "74c0b906e9446b0a2e4f760cdb3fa4b2c48cdc6db8766a845c54b6ff063fd2e9"
"checksum cfg-if 0.1.4 (registry+https://github.com/rust-lang/crates.io-index)" = "efe5c877e17a9c717a0bf3613b2709f723202c4e4675cc8f12926ded29bcb17e"
"checksum log 0.4.3 (registry+https://github.com/rust-lang/crates.io-index)" = "61bd98ae7f7b754bc53dca7d44b604f733c6bba044ea6f41bc8d89272d8161d2"
